
Microsoft Visual Studio Solution File, Format Version 12.00
# Visual Studio Version 16
VisualStudioVersion = 16.0.29613.14
MinimumVisualStudioVersion = 10.0.40219.1
Project("{FAE04EC0-301F-11D3-BF4B-00C04F79EFBC}") = "ListBox", "ListBox\ListBox.csproj", "{FBE0D528-5EAA-4F80-A60A-1C19463E0727}"
EndProject
Project("{FAE04EC0-301F-11D3-BF4B-00C04F79EFBC}") = "ListView", "ListView\ListView.csproj", "{914776BB-BB0D-42FD-B00A-B73245F92B3B}"
EndProject
Global
	GlobalSection(SolutionConfigurationPlatforms) = preSolution
		Debug|Any CPU = Debug|Any CPU
		Release|Any CPU = Release|Any CPU
	EndGlobalSection
	GlobalSection(ProjectConfigurationPlatforms) = postSolution
		{FBE0D528-5EAA-4F80-A60A-1C19463E0727}.Debug|Any CPU.ActiveCfg = Debug|Any CPU
		{FBE0D528-5EAA-4F80-A60A-1C19463E0727}.Debug|Any CPU.Build.0 = Debug|Any CPU
		{FBE0D528-5EAA-4F80-A60A-1C19463E0727}.Release|Any CPU.ActiveCfg = Release|Any CPU
		{FBE0D528-5EAA-4F80-A60A-1C19463E0727}.Release|Any CPU.Build.0 = Release|Any CPU
		{914776BB-BB0D-42FD-B00A-B73245F92B3B}.Debug|Any CPU.ActiveCfg = Debug|Any CPU
		{914776BB-BB0D-42FD-B00A-B73245F92B3B}.Debug|Any CPU.Build.0 = Debug|Any CPU
		{914776BB-BB0D-42FD-B00A-B73245F92B3B}.Release|Any CPU.ActiveCfg = Release|Any CPU
		{914776BB-BB0D-42FD-B00A-B73245F92B3B}.Release|Any CPU.Build.0 = Release|Any CPU
	EndGlobalSection
	GlobalSection(SolutionProperties) = preSolution
		HideSolutionNode = FALSE
	EndGlobalSection
	GlobalSection(ExtensibilityGlobals) = postSolution
		SolutionGuid = {ACE02CBA-97EF-4480-9BA7-25C1B8C684CE}
	EndGlobalSection
EndGlobal
